{
  "name": "task-tracker-cli",
  "version": "1.0.0",
  "lockfileVersion": 3,
  "requires": true,
  "packages": {
    "": {
      "name": "task-tracker-cli",
      "version": "1.0.0",
      "license": "ISC",
      "bin": {
        "add": "bin/task_add.js",
        "delete": "bin/task_delete.js",
        "list": "bin/task_list.js",
        "mark": "bin/task_mark_status.js",
        "update": "bin/task_update.js"
      }
    }
  }
}
